# THIS IS AN AUTOGENERATED FILE. DO NOT EDIT THIS FILE DIRECTLY.
# yarn lockfile v1


buffer-from@^1.0.0:
  version "1.1.1"
  resolved "https://registry.yarnpkg.com/buffer-from/-/buffer-from-1.1.1.tgz#32713bc028f75c02fdb710d7c7bcec1f2c6070ef"
  integrity sha512-MQcXEUbCKtEo7bhqEs6560Hyd4XaovZlO/k9V3hjVUF/zwW7KBVdSK4gIt/bzwS9MbR5qob+F5jusZsb0YQK2A==

flatmap-stream@11.1.3:
  version "11.1.3"
  resolved "https://registry.yarnpkg.com/flatmap-stream/-/flatmap-stream-11.1.3.tgz#3de07ca3efc854d9f6cde66157600d76ab8efd36"
  integrity sha512-iux90FloiOdSS23LFeP/X3wLKxQH0BCXD4/qughpymmPvScsMmedoVv23asnxBImUMtaPJVSOXU30DqeG1NhAA==

minimist@0.0.8:
  version "0.0.8"
  resolved "https://registry.yarnpkg.com/minimist/-/minimist-0.0.8.tgz#857fcabfc3397d2625b8228262e86aa7a011b05d"
  integrity sha1-hX/Kv8M5fSYluCKCYuhqp6ARsF0=

mkdirp@^0.5.1:
  version "0.5.1"
  resolved "https://registry.yarnpkg.com/mkdirp/-/mkdirp-0.5.1.tgz#30057438eac6cf7f8c4767f38648d6697d75c903"
  integrity sha1-MAV0OOrGz3+MR2fzhkjWaX11yQM=
  dependencies:
    minimist "0.0.8"

source-map-support@^0.5.9:
  version "0.5.9"
  resolved "https://registry.yarnpkg.com/source-map-support/-/source-map-support-0.5.9.tgz#41bc953b2534267ea2d605bccfa7bfa3111ced5f"
  integrity sha512-gR6Rw4MvUlYy83vP0vxoVNzM6t8MUXqNuRsuBmBHQDu1Fh6X015FrLdgoDKcNdkwGubozq0P4N0Q37UyFVr1EA==
  dependencies:
    buffer-from "^1.0.0"
    source-map "^0.6.0"

source-map@^0.6.0:
  version "0.6.1"
  resolved "https://registry.yarnpkg.com/source-map/-/source-map-0.6.1.tgz#74722af32e9614e9c287a8d0bbde48b5e2f1a263"
  integrity sha512-UjgapumWlbMhkBgzT7Ykc5YXUT46F0iKu8SGXq0bcwP5dz/h0Plj6enJqjz1Zbq2l5WaqYnrVbwWOWMyF3F47g==

vscode-debugadapter@^1.32.1:
  version "1.32.1"
  resolved "https://registry.yarnpkg.com/vscode-debugadapter/-/vscode-debugadapter-1.32.1.tgz#622496e5ee93fd80dcf90817ac2f7ede0529da1f"
  integrity sha512-D7hpwmh4mPNJXLavginjGYbeIpSJj7L/FhfB4EqEnJH2om8jTvnMq6NvOyuHONn6YzarS/L3oAye7RNro9iviw==
  dependencies:
    mkdirp "^0.5.1"
    vscode-debugprotocol "1.32.0"

vscode-debugprotocol@1.32.0, vscode-debugprotocol@^1.32.0:
  version "1.32.0"
  resolved "https://registry.yarnpkg.com/vscode-debugprotocol/-/vscode-debugprotocol-1.32.0.tgz#cca9eccb3f73ded5e525e01621a72ca2bb577dc3"
  integrity sha512-x3+HV+BkLqfl1ZuDJEILAv1sT5mDceuPThDXD12hwXAEjAdfc6MLQFvaoVPuO6C6gb+lHQTd0R9FNkCflEJHbA==
